
Microsoft Visual Studio Solution File, Format Version 12.00
# Visual Studio Version 17
VisualStudioVersion = 17.3.32819.101
MinimumVisualStudioVersion = 10.0.40219.1
Project("{2150E333-8FDC-42A3-9474-1A3956D46DE8}") = "Core", "Core", "{5B0FC418-C940-4EE6-813A-5DCA1D8A2CBD}"
EndProject
Project("{2150E333-8FDC-42A3-9474-1A3956D46DE8}") = "Infastructure", "Infastructure", "{0A9FF758-D81E-4579-8FAA-00AC22D5CCE5}"
EndProject
Project("{2150E333-8FDC-42A3-9474-1A3956D46DE8}") = "Presentation", "Presentation", "{9BFC87E9-7BEF-40D2-A766-F80F65F5324A}"
EndProject
Project("{FAE04EC0-301F-11D3-BF4B-00C04F79EFBC}") = "UCP.Application", "UCP.Application\UCP.Application.csproj", "{C489A53B-1372-4BE8-974E-3BE172CA44D7}"
EndProject
Project("{FAE04EC0-301F-11D3-BF4B-00C04F79EFBC}") = "UCP.Domain", "UCPP.Domain\UCP.Domain.csproj", "{C3B952E2-5994-4322-BA5B-35B274B82471}"
EndProject
Project("{2150E333-8FDC-42A3-9474-1A3956D46DE8}") = "Application", "Application", "{51B2F522-BBF6-49D7-9198-8478159E5676}"
EndProject
Project("{2150E333-8FDC-42A3-9474-1A3956D46DE8}") = "Domain", "Domain", "{DC5A58E9-DE40-4F23-A5B6-1747FF49E298}"
EndProject
Project("{FAE04EC0-301F-11D3-BF4B-00C04F79EFBC}") = "UCP.Persistence", "UCP.Persistence\UCP.Persistence.csproj", "{661764C1-1F58-460D-BF00-09DCA1EC71D6}"
EndProject
Project("{FAE04EC0-301F-11D3-BF4B-00C04F79EFBC}") = "UCP.IOC", "UCP.IOC\UCP.IOC.csproj", "{C5C03F0B-0363-497D-99F7-F3FB24D87EA5}"
EndProject
Project("{FAE04EC0-301F-11D3-BF4B-00C04F79EFBC}") = "UCP.WebUI", "UCP.WebUI\UCP.WebUI.csproj", "{5DF02E00-8E87-4D20-8324-FA87702A5A4E}"
EndProject
Global
	GlobalSection(SolutionConfigurationPlatforms) = preSolution
		Debug|Any CPU = Debug|Any CPU
		Release|Any CPU = Release|Any CPU
	EndGlobalSection
	GlobalSection(ProjectConfigurationPlatforms) = postSolution
		{C489A53B-1372-4BE8-974E-3BE172CA44D7}.Debug|Any CPU.ActiveCfg = Debug|Any CPU
		{C489A53B-1372-4BE8-974E-3BE172CA44D7}.Debug|Any CPU.Build.0 = Debug|Any CPU
		{C489A53B-1372-4BE8-974E-3BE172CA44D7}.Release|Any CPU.ActiveCfg = Release|Any CPU
		{C489A53B-1372-4BE8-974E-3BE172CA44D7}.Release|Any CPU.Build.0 = Release|Any CPU
		{C3B952E2-5994-4322-BA5B-35B274B82471}.Debug|Any CPU.ActiveCfg = Debug|Any CPU
		{C3B952E2-5994-4322-BA5B-35B274B82471}.Debug|Any CPU.Build.0 = Debug|Any CPU
		{C3B952E2-5994-4322-BA5B-35B274B82471}.Release|Any CPU.ActiveCfg = Release|Any CPU
		{C3B952E2-5994-4322-BA5B-35B274B82471}.Release|Any CPU.Build.0 = Release|Any CPU
		{661764C1-1F58-460D-BF00-09DCA1EC71D6}.Debug|Any CPU.ActiveCfg = Debug|Any CPU
		{661764C1-1F58-460D-BF00-09DCA1EC71D6}.Debug|Any CPU.Build.0 = Debug|Any CPU
		{661764C1-1F58-460D-BF00-09DCA1EC71D6}.Release|Any CPU.ActiveCfg = Release|Any CPU
		{661764C1-1F58-460D-BF00-09DCA1EC71D6}.Release|Any CPU.Build.0 = Release|Any CPU
		{C5C03F0B-0363-497D-99F7-F3FB24D87EA5}.Debug|Any CPU.ActiveCfg = Debug|Any CPU
		{C5C03F0B-0363-497D-99F7-F3FB24D87EA5}.Debug|Any CPU.Build.0 = Debug|Any CPU
		{C5C03F0B-0363-497D-99F7-F3FB24D87EA5}.Release|Any CPU.ActiveCfg = Release|Any CPU
		{C5C03F0B-0363-497D-99F7-F3FB24D87EA5}.Release|Any CPU.Build.0 = Release|Any CPU
		{5DF02E00-8E87-4D20-8324-FA87702A5A4E}.Debug|Any CPU.ActiveCfg = Debug|Any CPU
		{5DF02E00-8E87-4D20-8324-FA87702A5A4E}.Debug|Any CPU.Build.0 = Debug|Any CPU
		{5DF02E00-8E87-4D20-8324-FA87702A5A4E}.Release|Any CPU.ActiveCfg = Release|Any CPU
		{5DF02E00-8E87-4D20-8324-FA87702A5A4E}.Release|Any CPU.Build.0 = Release|Any CPU
	EndGlobalSection
	GlobalSection(SolutionProperties) = preSolution
		HideSolutionNode = FALSE
	EndGlobalSection
	GlobalSection(NestedProjects) = preSolution
		{C489A53B-1372-4BE8-974E-3BE172CA44D7} = {51B2F522-BBF6-49D7-9198-8478159E5676}
		{C3B952E2-5994-4322-BA5B-35B274B82471} = {DC5A58E9-DE40-4F23-A5B6-1747FF49E298}
		{51B2F522-BBF6-49D7-9198-8478159E5676} = {5B0FC418-C940-4EE6-813A-5DCA1D8A2CBD}
		{DC5A58E9-DE40-4F23-A5B6-1747FF49E298} = {5B0FC418-C940-4EE6-813A-5DCA1D8A2CBD}
		{661764C1-1F58-460D-BF00-09DCA1EC71D6} = {0A9FF758-D81E-4579-8FAA-00AC22D5CCE5}
		{C5C03F0B-0363-497D-99F7-F3FB24D87EA5} = {0A9FF758-D81E-4579-8FAA-00AC22D5CCE5}
		{5DF02E00-8E87-4D20-8324-FA87702A5A4E} = {9BFC87E9-7BEF-40D2-A766-F80F65F5324A}
	EndGlobalSection
	GlobalSection(ExtensibilityGlobals) = postSolution
		SolutionGuid = {B1BF0311-9F04-4369-9453-7D081437781C}
	EndGlobalSection
EndGlobal
